
Microsoft Visual Studio Solution File, Format Version 12.00
# Visual Studio Version 17
VisualStudioVersion = 17.0.32126.317
MinimumVisualStudioVersion = 10.0.40219.1
Project("{FAE04EC0-301F-11D3-BF4B-00C04F79EFBC}") = "karkas2try", "karkas2try\karkas2try.csproj", "{E22EA096-D970-4A89-BC31-6E831712B771}"
EndProject
Global
	GlobalSection(SolutionConfigurationPlatforms) = preSolution
		Debug|Any CPU = Debug|Any CPU
		Release|Any CPU = Release|Any CPU
	EndGlobalSection
	GlobalSection(ProjectConfigurationPlatforms) = postSolution
		{E22EA096-D970-4A89-BC31-6E831712B771}.Debug|Any CPU.ActiveCfg = Debug|Any CPU
		{E22EA096-D970-4A89-BC31-6E831712B771}.Debug|Any CPU.Build.0 = Debug|Any CPU
		{E22EA096-D970-4A89-BC31-6E831712B771}.Release|Any CPU.ActiveCfg = Release|Any CPU
		{E22EA096-D970-4A89-BC31-6E831712B771}.Release|Any CPU.Build.0 = Release|Any CPU
	EndGlobalSection
	GlobalSection(SolutionProperties) = preSolution
		HideSolutionNode = FALSE
	EndGlobalSection
	GlobalSection(ExtensibilityGlobals) = postSolution
		SolutionGuid = {E38D9D0A-BEED-47A5-98E7-337AF26DAD33}
	EndGlobalSection
EndGlobal
